
Microsoft Visual Studio Solution File, Format Version 12.00
# Visual Studio Version 16
VisualStudioVersion = 16.0.31205.134
MinimumVisualStudioVersion = 10.0.40219.1
Project("{9A19103F-16F7-4668-BE54-9A1E7A4F7556}") = "SUPlanner", "SUPlanner\SUPlanner.csproj", "{3AD64BFB-372F-4F00-968E-AB6157226045}"
EndProject
Project("{FAE04EC0-301F-11D3-BF4B-00C04F79EFBC}") = "SUPlannerLibraries", "SUPlannerLibraries\SUPlannerLibraries.csproj", "{FCDAFF5E-002D-48E1-8BFA-0BB3FD0829AD}"
EndProject
Global
	GlobalSection(SolutionConfigurationPlatforms) = preSolution
		Debug|Any CPU = Debug|Any CPU
		Release|Any CPU = Release|Any CPU
	EndGlobalSection
	GlobalSection(ProjectConfigurationPlatforms) = postSolution
		{3AD64BFB-372F-4F00-968E-AB6157226045}.Debug|Any CPU.ActiveCfg = Debug|Any CPU
		{3AD64BFB-372F-4F00-968E-AB6157226045}.Debug|Any CPU.Build.0 = Debug|Any CPU
		{3AD64BFB-372F-4F00-968E-AB6157226045}.Release|Any CPU.ActiveCfg = Release|Any CPU
		{3AD64BFB-372F-4F00-968E-AB6157226045}.Release|Any CPU.Build.0 = Release|Any CPU
		{FCDAFF5E-002D-48E1-8BFA-0BB3FD0829AD}.Debug|Any CPU.ActiveCfg = Debug|Any CPU
		{FCDAFF5E-002D-48E1-8BFA-0BB3FD0829AD}.Debug|Any CPU.Build.0 = Debug|Any CPU
		{FCDAFF5E-002D-48E1-8BFA-0BB3FD0829AD}.Release|Any CPU.ActiveCfg = Release|Any CPU
		{FCDAFF5E-002D-48E1-8BFA-0BB3FD0829AD}.Release|Any CPU.Build.0 = Release|Any CPU
	EndGlobalSection
	GlobalSection(SolutionProperties) = preSolution
		HideSolutionNode = FALSE
	EndGlobalSection
	GlobalSection(ExtensibilityGlobals) = postSolution
		SolutionGuid = {23D88EF3-EEB2-414C-9077-275DD80863AB}
	EndGlobalSection
EndGlobal
